// !$*UTF8*$!
{
	archiveVersion = 1;
	classes = {
	};
	objectVersion = 77;
	objects = {

/* Begin PBXBuildFile section */
		030AF099982C10628A62A503 /* KeychainAccess in Frameworks */ = {isa = PBXBuildFile; productRef = 09BF51A34E935C853315E859 /* KeychainAccess */; };
		5CAEE1682F66FA75006A6916 /* StripeTerminal in Frameworks */ = {isa = PBXBuildFile; productRef = 5CAEE1692F66FA75006A6916 /* StripeTerminal */; };
/* End PBXBuildFile section */

/* Begin PBXContainerItemProxy section */
		5CAEE14B2F66EF1F006A6916 /* PBXContainerItemProxy */ = {
			isa = PBXContainerItemProxy;
			containerPortal = 5CAEE1332F66EF1D006A6916 /* Project object */;
			proxyType = 1;
			remoteGlobalIDString = 5CAEE13A2F66EF1D006A6916;
			remoteInfo = pos;
		};
		5CAEE1552F66EF1F006A6916 /* PBXContainerItemProxy */ = {
			isa = PBXContainerItemProxy;
			containerPortal = 5CAEE1332F66EF1D006A6916 /* Project object */;
			proxyType = 1;
			remoteGlobalIDString = 5CAEE13A2F66EF1D006A6916;
			remoteInfo = pos;
		};
/* End PBXContainerItemProxy section */

/* Begin PBXFileReference section */
		5CAEE13B2F66EF1D006A6916 /* pos.app */ = {isa = PBXFileReference; explicitFileType = wrapper.application; includeInIndex = 0; path = pos.app; sourceTree = BUILT_PRODUCTS_DIR; };
		5CAEE14A2F66EF1F006A6916 /* posTests.xctest */ = {isa = PBXFileReference; explicitFileType = wrapper.cfbundle; includeInIndex = 0; path = posTests.xctest; sourceTree = BUILT_PRODUCTS_DIR; };
		5CAEE1542F66EF1F006A6916 /* posUITests.xctest */ = {isa = PBXFileReference; explicitFileType = wrapper.cfbundle; includeInIndex = 0; path = posUITests.xctest; sourceTree = BUILT_PRODUCTS_DIR; };
/* End PBXFileReference section */

/* Begin PBXFileSystemSynchronizedRootGroup section */
		5CAEE13D2F66EF1D006A6916 /* pos */ = {
			isa = PBXFileSystemSynchronizedRootGroup;
			path = pos;
			sourceTree = "<group>";
		};
		5CAEE14D2F66EF1F006A6916 /* posTests */ = {
			isa = PBXFileSystemSynchronizedRootGroup;
			path = posTests;
			sourceTree = "<group>";
		};
		5CAEE1572F66EF1F006A6916 /* posUITests */ = {
			isa = PBXFileSystemSynchronizedRootGroup;
			path = posUITests;
			sourceTree = "<group>";
		};
/* End PBXFileSystemSynchronizedRootGroup section */

/* Begin PBXFrameworksBuildPhase section */
		5CAEE1382F66EF1D006A6916 /* Frameworks */ = {
			isa = PBXFrameworksBuildPhase;
			buildActionMask = 2147483647;
			files = (
				030AF099982C10628A62A503 /* KeychainAccess in Frameworks */,
				5CAEE1682F66FA75006A6916 /* StripeTerminal in Frameworks */,
			);
			runOnlyForDeploymentPostprocessing = 0;
		};
		5CAEE1472F66EF1F006A6916 /* Frameworks */ = {
			isa = PBXFrameworksBuildPhase;
			buildActionMask = 2147483647;
			files = (
			);
			runOnlyForDeploymentPostprocessing = 0;
		};
		5CAEE1512F66EF1F006A6916 /* Frameworks */ = {
			isa = PBXFrameworksBuildPhase;
			buildActionMask = 2147483647;
			files = (
			);
			runOnlyForDeploymentPostprocessing = 0;
		};
/* End PBXFrameworksBuildPhase section */

/* Begin PBXGroup section */
		5CAEE1322F66EF1D006A6916 = {
			isa = PBXGroup;
			children = (
				5CAEE13D2F66EF1D006A6916 /* pos */,
				5CAEE14D2F66EF1F006A6916 /* posTests */,
				5CAEE1572F66EF1F006A6916 /* posUITests */,
				5CAEE13C2F66EF1D006A6916 /* Products */,
			);
			sourceTree = "<group>";
		};
		5CAEE13C2F66EF1D006A6916 /* Products */ = {
			isa = PBXGroup;
			children = (
				5CAEE13B2F66EF1D006A6916 /* pos.app */,
				5CAEE14A2F66EF1F006A6916 /* posTests.xctest */,
				5CAEE1542F66EF1F006A6916 /* posUITests.xctest */,
			);
			name = Products;
			sourceTree = "<group>";
		};
/* End PBXGroup section */

/* Begin PBXNativeTarget section */
		5CAEE13A2F66EF1D006A6916 /* pos */ = {
			isa = PBXNativeTarget;
			buildConfigurationList = 5CAEE15E2F66EF1F006A6916 /* Build configuration list for PBXNativeTarget "pos" */;
			buildPhases = (
				5CAEE1372F66EF1D006A6916 /* Sources */,
				5CAEE1382F66EF1D006A6916 /* Frameworks */,
				5CAEE1392F66EF1D006A6916 /* Resources */,
			);
			buildRules = (
			);
			dependencies = (
			);
			fileSystemSynchronizedGroups = (
				5CAEE13D2F66EF1D006A6916 /* pos */,
			);
			name = pos;
			packageProductDependencies = (
				09BF51A34E935C853315E859 /* KeychainAccess */,
				5CAEE1692F66FA75006A6916 /* StripeTerminal */,
			);
			productName = pos;
			productReference = 5CAEE13B2F66EF1D006A6916 /* pos.app */;
			productType = "com.apple.product-type.application";
		};
		5CAEE1492F66EF1F006A6916 /* posTests */ = {
			isa = PBXNativeTarget;
			buildConfigurationList = 5CAEE1612F66EF1F006A6916 /* Build configuration list for PBXNativeTarget "posTests" */;
			buildPhases = (
				5CAEE1462F66EF1F006A6916 /* Sources */,
				5CAEE1472F66EF1F006A6916 /* Frameworks */,
				5CAEE1482F66EF1F006A6916 /* Resources */,
			);
			buildRules = (
			);
			dependencies = (
				5CAEE14C2F66EF1F006A6916 /* PBXTargetDependency */,
			);
			fileSystemSynchronizedGroups = (
				5CAEE14D2F66EF1F006A6916 /* posTests */,
			);
			name = posTests;
			productName = posTests;
			productReference = 5CAEE14A2F66EF1F006A6916 /* posTests.xctest */;
			productType = "com.apple.product-type.bundle.unit-test";
		};
		5CAEE1532F66EF1F006A6916 /* posUITests */ = {
			isa = PBXNativeTarget;
			buildConfigurationList = 5CAEE1642F66EF1F006A6916 /* Build configuration list for PBXNativeTarget "posUITests" */;
			buildPhases = (
				5CAEE1502F66EF1F006A6916 /* Sources */,
				5CAEE1512F66EF1F006A6916 /* Frameworks */,
				5CAEE1522F66EF1F006A6916 /* Resources */,
			);
			buildRules = (
			);
			dependencies = (
				5CAEE1562F66EF1F006A6916 /* PBXTargetDependency */,
			);
			fileSystemSynchronizedGroups = (
				5CAEE1572F66EF1F006A6916 /* posUITests */,
			);
			name = posUITests;
			productName = posUITests;
			productReference = 5CAEE1542F66EF1F006A6916 /* posUITests.xctest */;
			productType = "com.apple.product-type.bundle.ui-testing";
		};
/* End PBXNativeTarget section */

/* Begin PBXProject section */
		5CAEE1332F66EF1D006A6916 /* Project object */ = {
			isa = PBXProject;
			attributes = {
				BuildIndependentTargetsInParallel = 1;
				LastSwiftUpdateCheck = 2630;
				LastUpgradeCheck = 2630;
				TargetAttributes = {
					5CAEE13A2F66EF1D006A6916 = {
						CreatedOnToolsVersion = 26.3;
					};
					5CAEE1492F66EF1F006A6916 = {
						CreatedOnToolsVersion = 26.3;
						TestTargetID = 5CAEE13A2F66EF1D006A6916;
					};
					5CAEE1532F66EF1F006A6916 = {
						CreatedOnToolsVersion = 26.3;
						TestTargetID = 5CAEE13A2F66EF1D006A6916;
					};
				};
			};
			buildConfigurationList = 5CAEE1362F66EF1D006A6916 /* Build configuration list for PBXProject "pos" */;
			developmentRegion = en;
			hasScannedForEncodings = 0;
			knownRegions = (
				en,
				Base,
			);
			mainGroup = 5CAEE1322F66EF1D006A6916;
			minimizedProjectReferenceProxies = 1;
			packageReferences = (
				5CAEE1672F66FA75006A6916 /* XCRemoteSwiftPackageReference "stripe-terminal-ios" */,
				05898F4FB3F57971B8623F13 /* XCRemoteSwiftPackageReference "KeychainAccess" */,
			);
			preferredProjectObjectVersion = 77;
			productRefGroup = 5CAEE13C2F66EF1D006A6916 /* Products */;
			projectDirPath = "";
			projectRoot = "";
			targets = (
				5CAEE13A2F66EF1D006A6916 /* pos */,
				5CAEE1492F66EF1F006A6916 /* posTests */,
				5CAEE1532F66EF1F006A6916 /* posUITests */,
			);
		};
/* End PBXProject section */

/* Begin PBXResourcesBuildPhase section */
		5CAEE1392F66EF1D006A6916 /* Resources */ = {
			isa = PBXResourcesBuildPhase;
			buildActionMask = 2147483647;
			files = (
			);
			runOnlyForDeploymentPostprocessing = 0;
		};
		5CAEE1482F66EF1F006A6916 /* Resources */ = {
			isa = PBXResourcesBuildPhase;
			buildActionMask = 2147483647;
			files = (
			);
			runOnlyForDeploymentPostprocessing = 0;
		};
		5CAEE1522F66EF1F006A6916 /* Resources */ = {
			isa = PBXResourcesBuildPhase;
			buildActionMask = 2147483647;
			files = (
			);
			runOnlyForDeploymentPostprocessing = 0;
		};
/* End PBXResourcesBuildPhase section */

/* Begin PBXSourcesBuildPhase section */
		5CAEE1372F66EF1D006A6916 /* Sources */ = {
			isa = PBXSourcesBuildPhase;
			buildActionMask = 2147483647;
			files = (
			);
			runOnlyForDeploymentPostprocessing = 0;
		};
		5CAEE1462F66EF1F006A6916 /* Sources */ = {
			isa = PBXSourcesBuildPhase;
			buildActionMask = 2147483647;
			files = (
			);
			runOnlyForDeploymentPostprocessing = 0;
		};
		5CAEE1502F66EF1F006A6916 /* Sources */ = {
			isa = PBXSourcesBuildPhase;
			buildActionMask = 2147483647;
			files = (
			);
			runOnlyForDeploymentPostprocessing = 0;
		};
/* End PBXSourcesBuildPhase section */

/* Begin PBXTargetDependency section */
		5CAEE14C2F66EF1F006A6916 /* PBXTargetDependency */ = {
			isa = PBXTargetDependency;
			target = 5CAEE13A2F66EF1D006A6916 /* pos */;
			targetProxy = 5CAEE14B2F66EF1F006A6916 /* PBXContainerItemProxy */;
		};
		5CAEE1562F66EF1F006A6916 /* PBXTargetDependency */ = {
			isa = PBXTargetDependency;
			target = 5CAEE13A2F66EF1D006A6916 /* pos */;
			targetProxy = 5CAEE1552F66EF1F006A6916 /* PBXContainerItemProxy */;
		};
/* End PBXTargetDependency section */

/* Begin XCBuildConfiguration section */
		5CAEE15C2F66EF1F006A6916 /* Debug */ = {
			isa = XCBuildConfiguration;
			buildSettings = {
				ALWAYS_SEARCH_USER_PATHS = NO;
				ASSETCATALOG_COMPILER_GENERATE_SWIFT_ASSET_SYMBOL_EXTENSIONS = YES;
				CLANG_ANALYZER_NONNULL = YES;
				CLANG_ANALYZER_NUMBER_OBJECT_CONVERSION = YES_AGGRESSIVE;
				CLANG_CXX_LANGUAGE_STANDARD = "gnu++20";
				CLANG_ENABLE_MODULES = YES;
				CLANG_ENABLE_OBJC_ARC = YES;
				CLANG_ENABLE_OBJC_WEAK = YES;
				CLANG_WARN_BLOCK_CAPTURE_AUTORELEASING = YES;
				CLANG_WARN_BOOL_CONVERSION = YES;
				CLANG_WARN_COMMA = YES;
				CLANG_WARN_CONSTANT_CONVERSION = YES;
				CLANG_WARN_DEPRECATED_OBJC_IMPLEMENTATIONS = YES;
				CLANG_WARN_DIRECT_OBJC_ISA_USAGE = YES_ERROR;
				CLANG_WARN_DOCUMENTATION_COMMENTS = YES;
				CLANG_WARN_EMPTY_BODY = YES;
				CLANG_WARN_ENUM_CONVERSION = YES;
				CLANG_WARN_INFINITE_RECURSION = YES;
				CLANG_WARN_INT_CONVERSION = YES;
				CLANG_WARN_NON_LITERAL_NULL_CONVERSION = YES;
				CLANG_WARN_OBJC_IMPLICIT_RETAIN_SELF = YES;
				CLANG_WARN_OBJC_LITERAL_CONVERSION = YES;
				CLANG_WARN_OBJC_ROOT_CLASS = YES_ERROR;
				CLANG_WARN_QUOTED_INCLUDE_IN_FRAMEWORK_HEADER = YES;
				CLANG_WARN_RANGE_LOOP_ANALYSIS = YES;
				CLANG_WARN_STRICT_PROTOTYPES = YES;
				CLANG_WARN_SUSPICIOUS_MOVE = YES;
				CLANG_WARN_UNGUARDED_AVAILABILITY = YES_AGGRESSIVE;
				CLANG_WARN_UNREACHABLE_CODE = YES;
				CLANG_WARN__DUPLICATE_METHOD_MATCH = YES;
				COPY_PHASE_STRIP = NO;
				DEBUG_INFORMATION_FORMAT = dwarf;
				DEVELOPMENT_TEAM = CYN2NP3HV8;
				ENABLE_STRICT_OBJC_MSGSEND = YES;
				ENABLE_TESTABILITY = YES;
				ENABLE_USER_SCRIPT_SANDBOXING = YES;
				GCC_C_LANGUAGE_STANDARD = gnu17;
				GCC_DYNAMIC_NO_PIC = NO;
				GCC_NO_COMMON_BLOCKS = YES;
				GCC_OPTIMIZATION_LEVEL = 0;
				GCC_PREPROCESSOR_DEFINITIONS = (
					"DEBUG=1",
					"$(inherited)",
				);
				GCC_WARN_64_TO_32_BIT_CONVERSION = YES;
				GCC_WARN_ABOUT_RETURN_TYPE = YES_ERROR;
				GCC_WARN_UNDECLARED_SELECTOR = YES;
				GCC_WARN_UNINITIALIZED_AUTOS = YES_AGGRESSIVE;
				GCC_WARN_UNUSED_FUNCTION = YES;
				GCC_WARN_UNUSED_VARIABLE = YES;
				IPHONEOS_DEPLOYMENT_TARGET = 26.2;
				LOCALIZATION_PREFERS_STRING_CATALOGS = YES;
				MTL_ENABLE_DEBUG_INFO = INCLUDE_SOURCE;
				MTL_FAST_MATH = YES;
				ONLY_ACTIVE_ARCH = YES;
				SDKROOT = iphoneos;
				SWIFT_ACTIVE_COMPILATION_CONDITIONS = "DEBUG $(inherited)";
				SWIFT_OPTIMIZATION_LEVEL = "-Onone";
			};
			name = Debug;
		};
		5CAEE15D2F66EF1F006A6916 /* Release */ = {
			isa = XCBuildConfiguration;
			buildSettings = {
				ALWAYS_SEARCH_USER_PATHS = NO;
				ASSETCATALOG_COMPILER_GENERATE_SWIFT_ASSET_SYMBOL_EXTENSIONS = YES;
				CLANG_ANALYZER_NONNULL = YES;
				CLANG_ANALYZER_NUMBER_OBJECT_CONVERSION = YES_AGGRESSIVE;
				CLANG_CXX_LANGUAGE_STANDARD = "gnu++20";
				CLANG_ENABLE_MODULES = YES;
				CLANG_ENABLE_OBJC_ARC = YES;
				CLANG_ENABLE_OBJC_WEAK = YES;
				CLANG_WARN_BLOCK_CAPTURE_AUTORELEASING = YES;
				CLANG_WARN_BOOL_CONVERSION = YES;
				CLANG_WARN_COMMA = YES;
				CLANG_WARN_CONSTANT_CONVERSION = YES;
				CLANG_WARN_DEPRECATED_OBJC_IMPLEMENTATIONS = YES;
				CLANG_WARN_DIRECT_OBJC_ISA_USAGE = YES_ERROR;
				CLANG_WARN_DOCUMENTATION_COMMENTS = YES;
				CLANG_WARN_EMPTY_BODY = YES;
				CLANG_WARN_ENUM_CONVERSION = YES;
				CLANG_WARN_INFINITE_RECURSION = YES;
				CLANG_WARN_INT_CONVERSION = YES;
				CLANG_WARN_NON_LITERAL_NULL_CONVERSION = YES;
				CLANG_WARN_OBJC_IMPLICIT_RETAIN_SELF = YES;
				CLANG_WARN_OBJC_LITERAL_CONVERSION = YES;
				CLANG_WARN_OBJC_ROOT_CLASS = YES_ERROR;
				CLANG_WARN_QUOTED_INCLUDE_IN_FRAMEWORK_HEADER = YES;
				CLANG_WARN_RANGE_LOOP_ANALYSIS = YES;
				CLANG_WARN_STRICT_PROTOTYPES = YES;
				CLANG_WARN_SUSPICIOUS_MOVE = YES;
				CLANG_WARN_UNGUARDED_AVAILABILITY = YES_AGGRESSIVE;
				CLANG_WARN_UNREACHABLE_CODE = YES;
				CLANG_WARN__DUPLICATE_METHOD_MATCH = YES;
				COPY_PHASE_STRIP = NO;
				DEBUG_INFORMATION_FORMAT = "dwarf-with-dsym";
				DEVELOPMENT_TEAM = CYN2NP3HV8;
				ENABLE_NS_ASSERTIONS = NO;
				ENABLE_STRICT_OBJC_MSGSEND = YES;
				ENABLE_USER_SCRIPT_SANDBOXING = YES;
				GCC_C_LANGUAGE_STANDARD = gnu17;
				GCC_NO_COMMON_BLOCKS = YES;
				GCC_WARN_64_TO_32_BIT_CONVERSION = YES;
				GCC_WARN_ABOUT_RETURN_TYPE = YES_ERROR;
				GCC_WARN_UNDECLARED_SELECTOR = YES;
				GCC_WARN_UNINITIALIZED_AUTOS = YES_AGGRESSIVE;
				GCC_WARN_UNUSED_FUNCTION = YES;
				GCC_WARN_UNUSED_VARIABLE = YES;
				IPHONEOS_DEPLOYMENT_TARGET = 26.2;
				LOCALIZATION_PREFERS_STRING_CATALOGS = YES;
				MTL_ENABLE_DEBUG_INFO = NO;
				MTL_FAST_MATH = YES;
				SDKROOT = iphoneos;
				SWIFT_COMPILATION_MODE = wholemodule;
				VALIDATE_PRODUCT = YES;
			};
			name = Release;
		};
		5CAEE15F2F66EF1F006A6916 /* Debug */ = {
			isa = XCBuildConfiguration;
			buildSettings = {
				ASSETCATALOG_COMPILER_APPICON_NAME = AppIcon;
				ASSETCATALOG_COMPILER_GLOBAL_ACCENT_COLOR_NAME = AccentColor;
				CODE_SIGN_ENTITLEMENTS = pos/pos.entitlements;
				CODE_SIGN_STYLE = Automatic;
				CURRENT_PROJECT_VERSION = 1;
				DEVELOPMENT_TEAM = CYN2NP3HV8;
				ENABLE_PREVIEWS = YES;
				GENERATE_INFOPLIST_FILE = YES;
				INFOPLIST_KEY_NSAppTransportSecurity = "<dict><key>NSAllowsLocalNetworking</key><true/></dict>";
				INFOPLIST_KEY_NSBluetoothAlwaysUsageDescription = "カードリーダーへの接続に使用します。";
				INFOPLIST_KEY_NSBluetoothPeripheralUsageDescription = "カードリーダーへの接続に使用します。";
				INFOPLIST_KEY_NSFaceIDUsageDescription = "アプリのロック解除に使用します。";
				INFOPLIST_KEY_NSLocationWhenInUseUsageDescription = "決済を受け付けるには、位置情報へのアクセスが必要です。";
				INFOPLIST_KEY_UIApplicationSceneManifest_Generation = YES;
				INFOPLIST_KEY_UIApplicationSupportsIndirectInputEvents = YES;
				INFOPLIST_KEY_UILaunchScreen_Generation = YES;
				INFOPLIST_KEY_UISupportedInterfaceOrientations_iPad = "UIInterfaceOrientationPortrait UIInterfaceOrientationPortraitUpsideDown UIInterfaceOrientationLandscapeLeft UIInterfaceOrientationLandscapeRight";
				INFOPLIST_KEY_UISupportedInterfaceOrientations_iPhone = "UIInterfaceOrientationPortrait UIInterfaceOrientationLandscapeLeft UIInterfaceOrientationLandscapeRight";
				IPHONEOS_DEPLOYMENT_TARGET = 17.0;
				LD_RUNPATH_SEARCH_PATHS = (
					"$(inherited)",
					"@executable_path/Frameworks",
				);
				MARKETING_VERSION = 1.0;
				PRODUCT_BUNDLE_IDENTIFIER = "com.soyaiwata.kobo-fes.pos";
				PRODUCT_NAME = "$(TARGET_NAME)";
				STRING_CATALOG_GENERATE_SYMBOLS = YES;
				SUPPORTED_PLATFORMS = "iphoneos iphonesimulator";
				SUPPORTS_MACCATALYST = NO;
				SUPPORTS_MAC_DESIGNED_FOR_IPHONE_IPAD = NO;
				SUPPORTS_XR_DESIGNED_FOR_IPHONE_IPAD = NO;
				SWIFT_APPROACHABLE_CONCURRENCY = YES;
				SWIFT_EMIT_LOC_STRINGS = YES;
				SWIFT_UPCOMING_FEATURE_MEMBER_IMPORT_VISIBILITY = YES;
				SWIFT_VERSION = 5.0;
				TARGETED_DEVICE_FAMILY = 1;
				UIRequiredDeviceCapabilities = "arm64 iphone-ipad-minimum-performance-a12";
			};
			name = Debug;
		};
		5CAEE1602F66EF1F006A6916 /* Release */ = {
			isa = XCBuildConfiguration;
			buildSettings = {
				ASSETCATALOG_COMPILER_APPICON_NAME = AppIcon;
				ASSETCATALOG_COMPILER_GLOBAL_ACCENT_COLOR_NAME = AccentColor;
				CODE_SIGN_ENTITLEMENTS = pos/pos.entitlements;
				CODE_SIGN_STYLE = Automatic;
				CURRENT_PROJECT_VERSION = 1;
				DEVELOPMENT_TEAM = CYN2NP3HV8;
				ENABLE_PREVIEWS = YES;
				GENERATE_INFOPLIST_FILE = YES;
				INFOPLIST_KEY_NSAppTransportSecurity = "<dict><key>NSAllowsLocalNetworking</key><true/></dict>";
				INFOPLIST_KEY_NSBluetoothAlwaysUsageDescription = "カードリーダーへの接続に使用します。";
				INFOPLIST_KEY_NSBluetoothPeripheralUsageDescription = "カードリーダーへの接続に使用します。";
				INFOPLIST_KEY_NSFaceIDUsageDescription = "アプリのロック解除に使用します。";
				INFOPLIST_KEY_NSLocationWhenInUseUsageDescription = "決済を受け付けるには、位置情報へのアクセスが必要です。";
				INFOPLIST_KEY_UIApplicationSceneManifest_Generation = YES;
				INFOPLIST_KEY_UIApplicationSupportsIndirectInputEvents = YES;
				INFOPLIST_KEY_UILaunchScreen_Generation = YES;
				INFOPLIST_KEY_UISupportedInterfaceOrientations_iPad = "UIInterfaceOrientationPortrait UIInterfaceOrientationPortraitUpsideDown UIInterfaceOrientationLandscapeLeft UIInterfaceOrientationLandscapeRight";
				INFOPLIST_KEY_UISupportedInterfaceOrientations_iPhone = "UIInterfaceOrientationPortrait UIInterfaceOrientationLandscapeLeft UIInterfaceOrientationLandscapeRight";
				IPHONEOS_DEPLOYMENT_TARGET = 17.0;
				LD_RUNPATH_SEARCH_PATHS = (
					"$(inherited)",
					"@executable_path/Frameworks",
				);
				MARKETING_VERSION = 1.0;
				PRODUCT_BUNDLE_IDENTIFIER = "com.soyaiwata.kobo-fes.pos";
				PRODUCT_NAME = "$(TARGET_NAME)";
				STRING_CATALOG_GENERATE_SYMBOLS = YES;
				SUPPORTED_PLATFORMS = "iphoneos iphonesimulator";
				SUPPORTS_MACCATALYST = NO;
				SUPPORTS_MAC_DESIGNED_FOR_IPHONE_IPAD = NO;
				SUPPORTS_XR_DESIGNED_FOR_IPHONE_IPAD = NO;
				SWIFT_APPROACHABLE_CONCURRENCY = YES;
				SWIFT_EMIT_LOC_STRINGS = YES;
				SWIFT_UPCOMING_FEATURE_MEMBER_IMPORT_VISIBILITY = YES;
				SWIFT_VERSION = 5.0;
				TARGETED_DEVICE_FAMILY = 1;
				UIRequiredDeviceCapabilities = "arm64 iphone-ipad-minimum-performance-a12";
			};
			name = Release;
		};
		5CAEE1622F66EF1F006A6916 /* Debug */ = {
			isa = XCBuildConfiguration;
			buildSettings = {
				BUNDLE_LOADER = "$(TEST_HOST)";
				CODE_SIGN_STYLE = Automatic;
				CURRENT_PROJECT_VERSION = 1;
				DEVELOPMENT_TEAM = CYN2NP3HV8;
				GENERATE_INFOPLIST_FILE = YES;
				IPHONEOS_DEPLOYMENT_TARGET = 26.2;
				MARKETING_VERSION = 1.0;
				PRODUCT_BUNDLE_IDENTIFIER = "com.soyaiwata.kobo-fes.posTests";
				PRODUCT_NAME = "$(TARGET_NAME)";
				STRING_CATALOG_GENERATE_SYMBOLS = NO;
				SWIFT_APPROACHABLE_CONCURRENCY = YES;
				SWIFT_EMIT_LOC_STRINGS = NO;
				SWIFT_UPCOMING_FEATURE_MEMBER_IMPORT_VISIBILITY = YES;
				SWIFT_VERSION = 5.0;
				TARGETED_DEVICE_FAMILY = "1,2";
				TEST_HOST = "$(BUILT_PRODUCTS_DIR)/pos.app/$(BUNDLE_EXECUTABLE_FOLDER_PATH)/pos";
			};
			name = Debug;
		};
		5CAEE1632F66EF1F006A6916 /* Release */ = {
			isa = XCBuildConfiguration;
			buildSettings = {
				BUNDLE_LOADER = "$(TEST_HOST)";
				CODE_SIGN_STYLE = Automatic;
				CURRENT_PROJECT_VERSION = 1;
				DEVELOPMENT_TEAM = CYN2NP3HV8;
				GENERATE_INFOPLIST_FILE = YES;
				IPHONEOS_DEPLOYMENT_TARGET = 26.2;
				MARKETING_VERSION = 1.0;
				PRODUCT_BUNDLE_IDENTIFIER = "com.soyaiwata.kobo-fes.posTests";
				PRODUCT_NAME = "$(TARGET_NAME)";
				STRING_CATALOG_GENERATE_SYMBOLS = NO;
				SWIFT_APPROACHABLE_CONCURRENCY = YES;
				SWIFT_EMIT_LOC_STRINGS = NO;
				SWIFT_UPCOMING_FEATURE_MEMBER_IMPORT_VISIBILITY = YES;
				SWIFT_VERSION = 5.0;
				TARGETED_DEVICE_FAMILY = "1,2";
				TEST_HOST = "$(BUILT_PRODUCTS_DIR)/pos.app/$(BUNDLE_EXECUTABLE_FOLDER_PATH)/pos";
			};
			name = Release;
		};
		5CAEE1652F66EF1F006A6916 /* Debug */ = {
			isa = XCBuildConfiguration;
			buildSettings = {
				CODE_SIGN_STYLE = Automatic;
				CURRENT_PROJECT_VERSION = 1;
				DEVELOPMENT_TEAM = CYN2NP3HV8;
				GENERATE_INFOPLIST_FILE = YES;
				MARKETING_VERSION = 1.0;
				PRODUCT_BUNDLE_IDENTIFIER = "com.soyaiwata.kobo-fes.posUITests";
				PRODUCT_NAME = "$(TARGET_NAME)";
				STRING_CATALOG_GENERATE_SYMBOLS = NO;
				SWIFT_APPROACHABLE_CONCURRENCY = YES;
				SWIFT_EMIT_LOC_STRINGS = NO;
				SWIFT_UPCOMING_FEATURE_MEMBER_IMPORT_VISIBILITY = YES;
				SWIFT_VERSION = 5.0;
				TARGETED_DEVICE_FAMILY = "1,2";
				TEST_TARGET_NAME = pos;
			};
			name = Debug;
		};
		5CAEE1662F66EF1F006A6916 /* Release */ = {
			isa = XCBuildConfiguration;
			buildSettings = {
				CODE_SIGN_STYLE = Automatic;
				CURRENT_PROJECT_VERSION = 1;
				DEVELOPMENT_TEAM = CYN2NP3HV8;
				GENERATE_INFOPLIST_FILE = YES;
				MARKETING_VERSION = 1.0;
				PRODUCT_BUNDLE_IDENTIFIER = "com.soyaiwata.kobo-fes.posUITests";
				PRODUCT_NAME = "$(TARGET_NAME)";
				STRING_CATALOG_GENERATE_SYMBOLS = NO;
				SWIFT_APPROACHABLE_CONCURRENCY = YES;
				SWIFT_EMIT_LOC_STRINGS = NO;
				SWIFT_UPCOMING_FEATURE_MEMBER_IMPORT_VISIBILITY = YES;
				SWIFT_VERSION = 5.0;
				TARGETED_DEVICE_FAMILY = "1,2";
				TEST_TARGET_NAME = pos;
			};
			name = Release;
		};
/* End XCBuildConfiguration section */

/* Begin XCConfigurationList section */
		5CAEE1362F66EF1D006A6916 /* Build configuration list for PBXProject "pos" */ = {
			isa = XCConfigurationList;
			buildConfigurations = (
				5CAEE15C2F66EF1F006A6916 /* Debug */,
				5CAEE15D2F66EF1F006A6916 /* Release */,
			);
			defaultConfigurationIsVisible = 0;
			defaultConfigurationName = Release;
		};
		5CAEE15E2F66EF1F006A6916 /* Build configuration list for PBXNativeTarget "pos" */ = {
			isa = XCConfigurationList;
			buildConfigurations = (
				5CAEE15F2F66EF1F006A6916 /* Debug */,
				5CAEE1602F66EF1F006A6916 /* Release */,
			);
			defaultConfigurationIsVisible = 0;
			defaultConfigurationName = Release;
		};
		5CAEE1612F66EF1F006A6916 /* Build configuration list for PBXNativeTarget "posTests" */ = {
			isa = XCConfigurationList;
			buildConfigurations = (
				5CAEE1622F66EF1F006A6916 /* Debug */,
				5CAEE1632F66EF1F006A6916 /* Release */,
			);
			defaultConfigurationIsVisible = 0;
			defaultConfigurationName = Release;
		};
		5CAEE1642F66EF1F006A6916 /* Build configuration list for PBXNativeTarget "posUITests" */ = {
			isa = XCConfigurationList;
			buildConfigurations = (
				5CAEE1652F66EF1F006A6916 /* Debug */,
				5CAEE1662F66EF1F006A6916 /* Release */,
			);
			defaultConfigurationIsVisible = 0;
			defaultConfigurationName = Release;
		};
/* End XCConfigurationList section */

/* Begin XCRemoteSwiftPackageReference section */
		05898F4FB3F57971B8623F13 /* XCRemoteSwiftPackageReference "KeychainAccess" */ = {
			isa = XCRemoteSwiftPackageReference;
			repositoryURL = "https://github.com/kishikawakatsumi/KeychainAccess";
			requirement = {
				kind = upToNextMajorVersion;
				minimumVersion = 4.2.2;
			};
		};
		5CAEE1672F66FA75006A6916 /* XCRemoteSwiftPackageReference "stripe-terminal-ios" */ = {
			isa = XCRemoteSwiftPackageReference;
			repositoryURL = "https://github.com/stripe/stripe-terminal-ios";
			requirement = {
				kind = upToNextMajorVersion;
				minimumVersion = 5.0.0;
			};
		};
/* End XCRemoteSwiftPackageReference section */

/* Begin XCSwiftPackageProductDependency section */
		09BF51A34E935C853315E859 /* KeychainAccess */ = {
			isa = XCSwiftPackageProductDependency;
			package = 05898F4FB3F57971B8623F13 /* XCRemoteSwiftPackageReference "KeychainAccess" */;
			productName = KeychainAccess;
		};
		5CAEE1692F66FA75006A6916 /* StripeTerminal */ = {
			isa = XCSwiftPackageProductDependency;
			package = 5CAEE1672F66FA75006A6916 /* XCRemoteSwiftPackageReference "stripe-terminal-ios" */;
			productName = StripeTerminal;
		};
/* End XCSwiftPackageProductDependency section */
	};
	rootObject = 5CAEE1332F66EF1D006A6916 /* Project object */;
}
